
Microsoft Visual Studio Solution File, Format Version 12.00
# Visual Studio Version 16
VisualStudioVersion = 16.0.32106.194
MinimumVisualStudioVersion = 10.0.40219.1
Project("{FAE04EC0-301F-11D3-BF4B-00C04F79EFBC}") = "boilerConsole", "boilerConsole\boilerConsole.csproj", "{2B983AC2-0E9C-4B67-80B0-5157958B19E5}"
EndProject
Global
	GlobalSection(SolutionConfigurationPlatforms) = preSolution
		Debug|Any CPU = Debug|Any CPU
		Release|Any CPU = Release|Any CPU
	EndGlobalSection
	GlobalSection(ProjectConfigurationPlatforms) = postSolution
		{2B983AC2-0E9C-4B67-80B0-5157958B19E5}.Debug|Any CPU.ActiveCfg = Debug|Any CPU
		{2B983AC2-0E9C-4B67-80B0-5157958B19E5}.Debug|Any CPU.Build.0 = Debug|Any CPU
		{2B983AC2-0E9C-4B67-80B0-5157958B19E5}.Release|Any CPU.ActiveCfg = Release|Any CPU
		{2B983AC2-0E9C-4B67-80B0-5157958B19E5}.Release|Any CPU.Build.0 = Release|Any CPU
	EndGlobalSection
	GlobalSection(SolutionProperties) = preSolution
		HideSolutionNode = FALSE
	EndGlobalSection
	GlobalSection(ExtensibilityGlobals) = postSolution
		SolutionGuid = {4F22059B-CE85-4D24-95E4-FD39252259F5}
	EndGlobalSection
EndGlobal
